
Microsoft Visual Studio Solution File, Format Version 12.00
# Visual Studio Version 16
VisualStudioVersion = 16.0.31911.196
MinimumVisualStudioVersion = 10.0.40219.1
Project("{9A19103F-16F7-4668-BE54-9A1E7A4F7556}") = "MTCG_SWEN1", "MTCG_SWEN1\MTCG_SWEN1.csproj", "{C819E3C1-B7CF-4251-B62B-26453BB35D3B}"
EndProject
Project("{FAE04EC0-301F-11D3-BF4B-00C04F79EFBC}") = "MTCG_SWEN1.Test", "MTCG_SWEN1.Test\MTCG_SWEN1.Test.csproj", "{617B7B70-EB60-4F95-A32F-8CEA8098D7D3}"
EndProject
Global
	GlobalSection(SolutionConfigurationPlatforms) = preSolution
		Debug|Any CPU = Debug|Any CPU
		Release|Any CPU = Release|Any CPU
	EndGlobalSection
	GlobalSection(ProjectConfigurationPlatforms) = postSolution
		{C819E3C1-B7CF-4251-B62B-26453BB35D3B}.Debug|Any CPU.ActiveCfg = Debug|Any CPU
		{C819E3C1-B7CF-4251-B62B-26453BB35D3B}.Debug|Any CPU.Build.0 = Debug|Any CPU
		{C819E3C1-B7CF-4251-B62B-26453BB35D3B}.Release|Any CPU.ActiveCfg = Release|Any CPU
		{C819E3C1-B7CF-4251-B62B-26453BB35D3B}.Release|Any CPU.Build.0 = Release|Any CPU
		{617B7B70-EB60-4F95-A32F-8CEA8098D7D3}.Debug|Any CPU.ActiveCfg = Debug|Any CPU
		{617B7B70-EB60-4F95-A32F-8CEA8098D7D3}.Debug|Any CPU.Build.0 = Debug|Any CPU
		{617B7B70-EB60-4F95-A32F-8CEA8098D7D3}.Release|Any CPU.ActiveCfg = Release|Any CPU
		{617B7B70-EB60-4F95-A32F-8CEA8098D7D3}.Release|Any CPU.Build.0 = Release|Any CPU
	EndGlobalSection
	GlobalSection(SolutionProperties) = preSolution
		HideSolutionNode = FALSE
	EndGlobalSection
	GlobalSection(ExtensibilityGlobals) = postSolution
		SolutionGuid = {97A01207-CEDE-4805-AA4C-F64866E3F3C4}
	EndGlobalSection
EndGlobal
